
Microsoft Visual Studio Solution File, Format Version 12.00
# Visual Studio Version 17
VisualStudioVersion = 17.6.33815.320
MinimumVisualStudioVersion = 10.0.40219.1
Project("{FAE04EC0-301F-11D3-BF4B-00C04F79EFBC}") = "ISP-44_3", "ISP-44_3\ISP-44_3.csproj", "{A0694059-2DB8-4151-80A1-364CBA1DA578}"
EndProject
Global
	GlobalSection(SolutionConfigurationPlatforms) = preSolution
		Debug|Any CPU = Debug|Any CPU
		Release|Any CPU = Release|Any CPU
	EndGlobalSection
	GlobalSection(ProjectConfigurationPlatforms) = postSolution
		{A0694059-2DB8-4151-80A1-364CBA1DA578}.Debug|Any CPU.ActiveCfg = Debug|Any CPU
		{A0694059-2DB8-4151-80A1-364CBA1DA578}.Debug|Any CPU.Build.0 = Debug|Any CPU
		{A0694059-2DB8-4151-80A1-364CBA1DA578}.Release|Any CPU.ActiveCfg = Release|Any CPU
		{A0694059-2DB8-4151-80A1-364CBA1DA578}.Release|Any CPU.Build.0 = Release|Any CPU
	EndGlobalSection
	GlobalSection(SolutionProperties) = preSolution
		HideSolutionNode = FALSE
	EndGlobalSection
	GlobalSection(ExtensibilityGlobals) = postSolution
		SolutionGuid = {FFBAFA95-B446-4373-A57E-590301E97CE1}
	EndGlobalSection
EndGlobal
